
Microsoft Visual Studio Solution File, Format Version 12.00
# Visual Studio Version 16
VisualStudioVersion = 16.0.28803.352
MinimumVisualStudioVersion = 10.0.40219.1
Project("{FAE04EC0-301F-11D3-BF4B-00C04F79EFBC}") = "Avalonia_Bug_ContextMenu", "Avalonia_Bug_ContextMenu\Avalonia_Bug_ContextMenu.csproj", "{A396E616-3303-4FB9-8534-FA33EF10688F}"
EndProject
Global
	GlobalSection(SolutionConfigurationPlatforms) = preSolution
		Debug|Any CPU = Debug|Any CPU
		Release|Any CPU = Release|Any CPU
	EndGlobalSection
	GlobalSection(ProjectConfigurationPlatforms) = postSolution
		{A396E616-3303-4FB9-8534-FA33EF10688F}.Debug|Any CPU.ActiveCfg = Debug|Any CPU
		{A396E616-3303-4FB9-8534-FA33EF10688F}.Debug|Any CPU.Build.0 = Debug|Any CPU
		{A396E616-3303-4FB9-8534-FA33EF10688F}.Release|Any CPU.ActiveCfg = Release|Any CPU
		{A396E616-3303-4FB9-8534-FA33EF10688F}.Release|Any CPU.Build.0 = Release|Any CPU
	EndGlobalSection
	GlobalSection(SolutionProperties) = preSolution
		HideSolutionNode = FALSE
	EndGlobalSection
	GlobalSection(ExtensibilityGlobals) = postSolution
		SolutionGuid = {5D31F2C4-DD22-4424-A7E3-A0117C86477A}
	EndGlobalSection
EndGlobal
